// !$*UTF8*$!
{
	archiveVersion = 1;
	classes = {
	};
	objectVersion = 50;
	objects = {

/* Begin PBXBuildFile section */
		63C8703D26B26C3A00DCAB42 /* AppDelegate.swift in Sources */ = {isa = PBXBuildFile; fileRef = 63C8703C26B26C3A00DCAB42 /* AppDelegate.swift */; };
		63C8703F26B26C3A00DCAB42 /* SceneDelegate.swift in Sources */ = {isa = PBXBuildFile; fileRef = 63C8703E26B26C3A00DCAB42 /* SceneDelegate.swift */; };
		63C8704126B26C3A00DCAB42 /* ViewController.swift in Sources */ = {isa = PBXBuildFile; fileRef = 63C8704026B26C3A00DCAB42 /* ViewController.swift */; };
		63C8704426B26C3A00DCAB42 /* Main.storyboard in Resources */ = {isa = PBXBuildFile; fileRef = 63C8704226B26C3A00DCAB42 /* Main.storyboard */; };
		63C8704626B26C3B00DCAB42 /* Assets.xcassets in Resources */ = {isa = PBXBuildFile; fileRef = 63C8704526B26C3B00DCAB42 /* Assets.xcassets */; };
		63C8704926B26C3B00DCAB42 /* LaunchScreen.storyboard in Resources */ = {isa = PBXBuildFile; fileRef = 63C8704726B26C3B00DCAB42 /* LaunchScreen.storyboard */; };
/* End PBXBuildFile section */

/* Begin PBXFileReference section */
		63C8703926B26C3A00DCAB42 /* Pulback.app */ = {isa = PBXFileReference; explicitFileType = wrapper.application; includeInIndex = 0; path = Pulback.app; sourceTree = BUILT_PRODUCTS_DIR; };
		63C8703C26B26C3A00DCAB42 /* AppDelegate.swift */ = {isa = PBXFileReference; lastKnownFileType = sourcecode.swift; path = AppDelegate.swift; sourceTree = "<group>"; };
		63C8703E26B26C3A00DCAB42 /* SceneDelegate.swift */ = {isa = PBXFileReference; lastKnownFileType = sourcecode.swift; path = SceneDelegate.swift; sourceTree = "<group>"; };
		63C8704026B26C3A00DCAB42 /* ViewController.swift */ = {isa = PBXFileReference; lastKnownFileType = sourcecode.swift; path = ViewController.swift; sourceTree = "<group>"; };
		63C8704326B26C3A00DCAB42 /* Base */ = {isa = PBXFileReference; lastKnownFileType = file.storyboard; name = Base; path = Base.lproj/Main.storyboard; sourceTree = "<group>"; };
		63C8704526B26C3B00DCAB42 /* Assets.xcassets */ = {isa = PBXFileReference; lastKnownFileType = folder.assetcatalog; path = Assets.xcassets; sourceTree = "<group>"; };
		63C8704826B26C3B00DCAB42 /* Base */ = {isa = PBXFileReference; lastKnownFileType = file.storyboard; name = Base; path = Base.lproj/LaunchScreen.storyboard; sourceTree = "<group>"; };
		63C8704A26B26C3B00DCAB42 /* Info.plist */ = {isa = PBXFileReference; lastKnownFileType = text.plist.xml; path = Info.plist; sourceTree = "<group>"; };
/* End PBXFileReference section */

/* Begin PBXFrameworksBuildPhase section */
		63C8703626B26C3A00DCAB42 /* Frameworks */ = {
			isa = PBXFrameworksBuildPhase;
			buildActionMask = 2147483647;
			files = (
			);
			runOnlyForDeploymentPostprocessing = 0;
		};
/* End PBXFrameworksBuildPhase section */

/* Begin PBXGroup section */
		63C8703026B26C3A00DCAB42 = {
			isa = PBXGroup;
			children = (
				63C8703B26B26C3A00DCAB42 /* Pulback */,
				63C8703A26B26C3A00DCAB42 /* Products */,
			);
			sourceTree = "<group>";
		};
		63C8703A26B26C3A00DCAB42 /* Products */ = {
			isa = PBXGroup;
			children = (
				63C8703926B26C3A00DCAB42 /* Pulback.app */,
			);
			name = Products;
			sourceTree = "<group>";
		};
		63C8703B26B26C3A00DCAB42 /* Pulback */ = {
			isa = PBXGroup;
			children = (
				63C8703C26B26C3A00DCAB42 /* AppDelegate.swift */,
				63C8703E26B26C3A00DCAB42 /* SceneDelegate.swift */,
				63C8704026B26C3A00DCAB42 /* ViewController.swift */,
				63C8704226B26C3A00DCAB42 /* Main.storyboard */,
				63C8704526B26C3B00DCAB42 /* Assets.xcassets */,
				63C8704726B26C3B00DCAB42 /* LaunchScreen.storyboard */,
				63C8704A26B26C3B00DCAB42 /* Info.plist */,
			);
			path = Pulback;
			sourceTree = "<group>";
		};
/* End PBXGroup section */

/* Begin PBXNativeTarget section */
		63C8703826B26C3A00DCAB42 /* Pulback */ = {
			isa = PBXNativeTarget;
			buildConfigurationList = 63C8704D26B26C3B00DCAB42 /* Build configuration list for PBXNativeTarget "Pulback" */;
			buildPhases = (
				63C8703526B26C3A00DCAB42 /* Sources */,
				63C8703626B26C3A00DCAB42 /* Frameworks */,
				63C8703726B26C3A00DCAB42 /* Resources */,
			);
			buildRules = (
			);
			dependencies = (
			);
			name = Pulback;
			productName = Pulback;
			productReference = 63C8703926B26C3A00DCAB42 /* Pulback.app */;
			productType = "com.apple.product-type.application";
		};
/* End PBXNativeTarget section */

/* Begin PBXProject section */
		63C8703126B26C3A00DCAB42 /* Project object */ = {
			isa = PBXProject;
			attributes = {
				LastSwiftUpdateCheck = 1230;
				LastUpgradeCheck = 1230;
				TargetAttributes = {
					63C8703826B26C3A00DCAB42 = {
						CreatedOnToolsVersion = 12.3;
					};
				};
			};
			buildConfigurationList = 63C8703426B26C3A00DCAB42 /* Build configuration list for PBXProject "Pulback" */;
			compatibilityVersion = "Xcode 9.3";
			developmentRegion = en;
			hasScannedForEncodings = 0;
			knownRegions = (
				en,
				Base,
			);
			mainGroup = 63C8703026B26C3A00DCAB42;
			productRefGroup = 63C8703A26B26C3A00DCAB42 /* Products */;
			projectDirPath = "";
			projectRoot = "";
			targets = (
				63C8703826B26C3A00DCAB42 /* Pulback */,
			);
		};
/* End PBXProject section */

/* Begin PBXResourcesBuildPhase section */
		63C8703726B26C3A00DCAB42 /* Resources */ = {
			isa = PBXResourcesBuildPhase;
			buildActionMask = 2147483647;
			files = (
				63C8704926B26C3B00DCAB42 /* LaunchScreen.storyboard in Resources */,
				63C8704626B26C3B00DCAB42 /* Assets.xcassets in Resources */,
				63C8704426B26C3A00DCAB42 /* Main.storyboard in Resources */,
			);
			runOnlyForDeploymentPostprocessing = 0;
		};
/* End PBXResourcesBuildPhase section */

/* Begin PBXSourcesBuildPhase section */
		63C8703526B26C3A00DCAB42 /* Sources */ = {
			isa = PBXSourcesBuildPhase;
			buildActionMask = 2147483647;
			files = (
				63C8704126B26C3A00DCAB42 /* ViewController.swift in Sources */,
				63C8703D26B26C3A00DCAB42 /* AppDelegate.swift in Sources */,
				63C8703F26B26C3A00DCAB42 /* SceneDelegate.swift in Sources */,
			);
			runOnlyForDeploymentPostprocessing = 0;
		};
/* End PBXSourcesBuildPhase section */

/* Begin PBXVariantGroup section */
		63C8704226B26C3A00DCAB42 /* Main.storyboard */ = {
			isa = PBXVariantGroup;
			children = (
				63C8704326B26C3A00DCAB42 /* Base */,
			);
			name = Main.storyboard;
			sourceTree = "<group>";
		};
		63C8704726B26C3B00DCAB42 /* LaunchScreen.storyboard */ = {
			isa = PBXVariantGroup;
			children = (
				63C8704826B26C3B00DCAB42 /* Base */,
			);
			name = LaunchScreen.storyboard;
			sourceTree = "<group>";
		};
/* End PBXVariantGroup section */

/* Begin XCBuildConfiguration section */
		63C8704B26B26C3B00DCAB42 /* Debug */ = {
			isa = XCBuildConfiguration;
			buildSettings = {
				ALWAYS_SEARCH_USER_PATHS = NO;
				CLANG_ANALYZER_NONNULL = YES;
				CLANG_ANALYZER_NUMBER_OBJECT_CONVERSION = YES_AGGRESSIVE;
				CLANG_CXX_LANGUAGE_STANDARD = "gnu++14";
				CLANG_CXX_LIBRARY = "libc++";
				CLANG_ENABLE_MODULES = YES;
				CLANG_ENABLE_OBJC_ARC = YES;
				CLANG_ENABLE_OBJC_WEAK = YES;
				CLANG_WARN_BLOCK_CAPTURE_AUTORELEASING = YES;
				CLANG_WARN_BOOL_CONVERSION = YES;
				CLANG_WARN_COMMA = YES;
				CLANG_WARN_CONSTANT_CONVERSION = YES;
				CLANG_WARN_DEPRECATED_OBJC_IMPLEMENTATIONS = YES;
				CLANG_WARN_DIRECT_OBJC_ISA_USAGE = YES_ERROR;
				CLANG_WARN_DOCUMENTATION_COMMENTS = YES;
				CLANG_WARN_EMPTY_BODY = YES;
				CLANG_WARN_ENUM_CONVERSION = YES;
				CLANG_WARN_INFINITE_RECURSION = YES;
				CLANG_WARN_INT_CONVERSION = YES;
				CLANG_WARN_NON_LITERAL_NULL_CONVERSION = YES;
				CLANG_WARN_OBJC_IMPLICIT_RETAIN_SELF = YES;
				CLANG_WARN_OBJC_LITERAL_CONVERSION = YES;
				CLANG_WARN_OBJC_ROOT_CLASS = YES_ERROR;
				CLANG_WARN_QUOTED_INCLUDE_IN_FRAMEWORK_HEADER = YES;
				CLANG_WARN_RANGE_LOOP_ANALYSIS = YES;
				CLANG_WARN_STRICT_PROTOTYPES = YES;
				CLANG_WARN_SUSPICIOUS_MOVE = YES;
				CLANG_WARN_UNGUARDED_AVAILABILITY = YES_AGGRESSIVE;
				CLANG_WARN_UNREACHABLE_CODE = YES;
				CLANG_WARN__DUPLICATE_METHOD_MATCH = YES;
				COPY_PHASE_STRIP = NO;
				DEBUG_INFORMATION_FORMAT = dwarf;
				ENABLE_STRICT_OBJC_MSGSEND = YES;
				ENABLE_TESTABILITY = YES;
				GCC_C_LANGUAGE_STANDARD = gnu11;
				GCC_DYNAMIC_NO_PIC = NO;
				GCC_NO_COMMON_BLOCKS = YES;
				GCC_OPTIMIZATION_LEVEL = 0;
				GCC_PREPROCESSOR_DEFINITIONS = (
					"DEBUG=1",
					"$(inherited)",
				);
				GCC_WARN_64_TO_32_BIT_CONVERSION = YES;
				GCC_WARN_ABOUT_RETURN_TYPE = YES_ERROR;
				GCC_WARN_UNDECLARED_SELECTOR = YES;
				GCC_WARN_UNINITIALIZED_AUTOS = YES_AGGRESSIVE;
				GCC_WARN_UNUSED_FUNCTION = YES;
				GCC_WARN_UNUSED_VARIABLE = YES;
				IPHONEOS_DEPLOYMENT_TARGET = 14.3;
				MTL_ENABLE_DEBUG_INFO = INCLUDE_SOURCE;
				MTL_FAST_MATH = YES;
				ONLY_ACTIVE_ARCH = YES;
				SDKROOT = iphoneos;
				SWIFT_ACTIVE_COMPILATION_CONDITIONS = DEBUG;
				SWIFT_OPTIMIZATION_LEVEL = "-Onone";
			};
			name = Debug;
		};
		63C8704C26B26C3B00DCAB42 /* Release */ = {
			isa = XCBuildConfiguration;
			buildSettings = {
				ALWAYS_SEARCH_USER_PATHS = NO;
				CLANG_ANALYZER_NONNULL = YES;
				CLANG_ANALYZER_NUMBER_OBJECT_CONVERSION = YES_AGGRESSIVE;
				CLANG_CXX_LANGUAGE_STANDARD = "gnu++14";
				CLANG_CXX_LIBRARY = "libc++";
				CLANG_ENABLE_MODULES = YES;
				CLANG_ENABLE_OBJC_ARC = YES;
				CLANG_ENABLE_OBJC_WEAK = YES;
				CLANG_WARN_BLOCK_CAPTURE_AUTORELEASING = YES;
				CLANG_WARN_BOOL_CONVERSION = YES;
				CLANG_WARN_COMMA = YES;
				CLANG_WARN_CONSTANT_CONVERSION = YES;
				CLANG_WARN_DEPRECATED_OBJC_IMPLEMENTATIONS = YES;
				CLANG_WARN_DIRECT_OBJC_ISA_USAGE = YES_ERROR;
				CLANG_WARN_DOCUMENTATION_COMMENTS = YES;
				CLANG_WARN_EMPTY_BODY = YES;
				CLANG_WARN_ENUM_CONVERSION = YES;
				CLANG_WARN_INFINITE_RECURSION = YES;
				CLANG_WARN_INT_CONVERSION = YES;
				CLANG_WARN_NON_LITERAL_NULL_CONVERSION = YES;
				CLANG_WARN_OBJC_IMPLICIT_RETAIN_SELF = YES;
				CLANG_WARN_OBJC_LITERAL_CONVERSION = YES;
				CLANG_WARN_OBJC_ROOT_CLASS = YES_ERROR;
				CLANG_WARN_QUOTED_INCLUDE_IN_FRAMEWORK_HEADER = YES;
				CLANG_WARN_RANGE_LOOP_ANALYSIS = YES;
				CLANG_WARN_STRICT_PROTOTYPES = YES;
				CLANG_WARN_SUSPICIOUS_MOVE = YES;
				CLANG_WARN_UNGUARDED_AVAILABILITY = YES_AGGRESSIVE;
				CLANG_WARN_UNREACHABLE_CODE = YES;
				CLANG_WARN__DUPLICATE_METHOD_MATCH = YES;
				COPY_PHASE_STRIP = NO;
				DEBUG_INFORMATION_FORMAT = "dwarf-with-dsym";
				ENABLE_NS_ASSERTIONS = NO;
				ENABLE_STRICT_OBJC_MSGSEND = YES;
				GCC_C_LANGUAGE_STANDARD = gnu11;
				GCC_NO_COMMON_BLOCKS = YES;
				GCC_WARN_64_TO_32_BIT_CONVERSION = YES;
				GCC_WARN_ABOUT_RETURN_TYPE = YES_ERROR;
				GCC_WARN_UNDECLARED_SELECTOR = YES;
				GCC_WARN_UNINITIALIZED_AUTOS = YES_AGGRESSIVE;
				GCC_WARN_UNUSED_FUNCTION = YES;
				GCC_WARN_UNUSED_VARIABLE = YES;
				IPHONEOS_DEPLOYMENT_TARGET = 14.3;
				MTL_ENABLE_DEBUG_INFO = NO;
				MTL_FAST_MATH = YES;
				SDKROOT = iphoneos;
				SWIFT_COMPILATION_MODE = wholemodule;
				SWIFT_OPTIMIZATION_LEVEL = "-O";
				VALIDATE_PRODUCT = YES;
			};
			name = Release;
		};
		63C8704E26B26C3B00DCAB42 /* Debug */ = {
			isa = XCBuildConfiguration;
			buildSettings = {
				ASSETCATALOG_COMPILER_APPICON_NAME = AppIcon;
				ASSETCATALOG_COMPILER_GLOBAL_ACCENT_COLOR_NAME = AccentColor;
				CODE_SIGN_STYLE = Automatic;
				DEVELOPMENT_TEAM = 44952VD6DA;
				INFOPLIST_FILE = Pulback/Info.plist;
				LD_RUNPATH_SEARCH_PATHS = (
					"$(inherited)",
					"@executable_path/Frameworks",
				);
				PRODUCT_BUNDLE_IDENTIFIER = uz.tesseract.Pulback;
				PRODUCT_NAME = "$(TARGET_NAME)";
				SWIFT_VERSION = 5.0;
				TARGETED_DEVICE_FAMILY = "1,2";
			};
			name = Debug;
		};
		63C8704F26B26C3B00DCAB42 /* Release */ = {
			isa = XCBuildConfiguration;
			buildSettings = {
				ASSETCATALOG_COMPILER_APPICON_NAME = AppIcon;
				ASSETCATALOG_COMPILER_GLOBAL_ACCENT_COLOR_NAME = AccentColor;
				CODE_SIGN_STYLE = Automatic;
				DEVELOPMENT_TEAM = 44952VD6DA;
				INFOPLIST_FILE = Pulback/Info.plist;
				LD_RUNPATH_SEARCH_PATHS = (
					"$(inherited)",
					"@executable_path/Frameworks",
				);
				PRODUCT_BUNDLE_IDENTIFIER = uz.tesseract.Pulback;
				PRODUCT_NAME = "$(TARGET_NAME)";
				SWIFT_VERSION = 5.0;
				TARGETED_DEVICE_FAMILY = "1,2";
			};
			name = Release;
		};
/* End XCBuildConfiguration section */

/* Begin XCConfigurationList section */
		63C8703426B26C3A00DCAB42 /* Build configuration list for PBXProject "Pulback" */ = {
			isa = XCConfigurationList;
			buildConfigurations = (
				63C8704B26B26C3B00DCAB42 /* Debug */,
				63C8704C26B26C3B00DCAB42 /* Release */,
			);
			defaultConfigurationIsVisible = 0;
			defaultConfigurationName = Release;
		};
		63C8704D26B26C3B00DCAB42 /* Build configuration list for PBXNativeTarget "Pulback" */ = {
			isa = XCConfigurationList;
			buildConfigurations = (
				63C8704E26B26C3B00DCAB42 /* Debug */,
				63C8704F26B26C3B00DCAB42 /* Release */,
			);
			defaultConfigurationIsVisible = 0;
			defaultConfigurationName = Release;
		};
/* End XCConfigurationList section */
	};
	rootObject = 63C8703126B26C3A00DCAB42 /* Project object */;
}
